
Microsoft Visual Studio Solution File, Format Version 12.00
# Visual Studio Version 16
VisualStudioVersion = 16.0.35731.53
MinimumVisualStudioVersion = 10.0.40219.1
Project("{8BC9CEB8-8B4A-11D0-8D11-00A0C91BC942}") = "Sample", "Sample\Sample.vcxproj", "{0EA3F87E-B3C8-4668-8B91-9A8FA279553D}"
EndProject
Global
	GlobalSection(SolutionConfigurationPlatforms) = preSolution
		Debug|x64 = Debug|x64
		Debug|x86 = Debug|x86
		Release|x64 = Release|x64
		Release|x86 = Release|x86
	EndGlobalSection
	GlobalSection(ProjectConfigurationPlatforms) = postSolution
		{0EA3F87E-B3C8-4668-8B91-9A8FA279553D}.Debug|x64.ActiveCfg = Debug|x64
		{0EA3F87E-B3C8-4668-8B91-9A8FA279553D}.Debug|x64.Build.0 = Debug|x64
		{0EA3F87E-B3C8-4668-8B91-9A8FA279553D}.Debug|x86.ActiveCfg = Debug|Win32
		{0EA3F87E-B3C8-4668-8B91-9A8FA279553D}.Debug|x86.Build.0 = Debug|Win32
		{0EA3F87E-B3C8-4668-8B91-9A8FA279553D}.Release|x64.ActiveCfg = Release|x64
		{0EA3F87E-B3C8-4668-8B91-9A8FA279553D}.Release|x64.Build.0 = Release|x64
		{0EA3F87E-B3C8-4668-8B91-9A8FA279553D}.Release|x86.ActiveCfg = Release|Win32
		{0EA3F87E-B3C8-4668-8B91-9A8FA279553D}.Release|x86.Build.0 = Release|Win32
	EndGlobalSection
	GlobalSection(SolutionProperties) = preSolution
		HideSolutionNode = FALSE
	EndGlobalSection
	GlobalSection(ExtensibilityGlobals) = postSolution
		SolutionGuid = {7A82396B-A186-477C-BC31-6817FBEE0DB8}
	EndGlobalSection
EndGlobal
